
Microsoft Visual Studio Solution File, Format Version 12.00
# Visual Studio Version 17
VisualStudioVersion = 17.8.34330.188
MinimumVisualStudioVersion = 10.0.40219.1
Project("{9A19103F-16F7-4668-BE54-9A1E7A4F7556}") = "API", "API\API.csproj", "{25F6E4D6-4195-4EFC-8722-E00065E258CD}"
EndProject
Project("{FAE04EC0-301F-11D3-BF4B-00C04F79EFBC}") = "UnitTests", "UnitTests\UnitTests.csproj", "{D6D468AF-BD5F-466D-99B3-B536EF8EFECC}"
EndProject
Project("{FAE04EC0-301F-11D3-BF4B-00C04F79EFBC}") = "Core", "Core\Core.csproj", "{9DAC488A-1CB0-41ED-A0CB-C0AF6B529CD5}"
EndProject
Project("{FAE04EC0-301F-11D3-BF4B-00C04F79EFBC}") = "Persistence", "Persistence\Persistence.csproj", "{D88CADE5-1E5B-4C72-8B98-118EF2849DC4}"
EndProject
Global
	GlobalSection(SolutionConfigurationPlatforms) = preSolution
		Debug|Any CPU = Debug|Any CPU
		Release|Any CPU = Release|Any CPU
	EndGlobalSection
	GlobalSection(ProjectConfigurationPlatforms) = postSolution
		{25F6E4D6-4195-4EFC-8722-E00065E258CD}.Debug|Any CPU.ActiveCfg = Debug|Any CPU
		{25F6E4D6-4195-4EFC-8722-E00065E258CD}.Debug|Any CPU.Build.0 = Debug|Any CPU
		{25F6E4D6-4195-4EFC-8722-E00065E258CD}.Release|Any CPU.ActiveCfg = Release|Any CPU
		{25F6E4D6-4195-4EFC-8722-E00065E258CD}.Release|Any CPU.Build.0 = Release|Any CPU
		{D6D468AF-BD5F-466D-99B3-B536EF8EFECC}.Debug|Any CPU.ActiveCfg = Debug|Any CPU
		{D6D468AF-BD5F-466D-99B3-B536EF8EFECC}.Debug|Any CPU.Build.0 = Debug|Any CPU
		{D6D468AF-BD5F-466D-99B3-B536EF8EFECC}.Release|Any CPU.ActiveCfg = Release|Any CPU
		{D6D468AF-BD5F-466D-99B3-B536EF8EFECC}.Release|Any CPU.Build.0 = Release|Any CPU
		{9DAC488A-1CB0-41ED-A0CB-C0AF6B529CD5}.Debug|Any CPU.ActiveCfg = Debug|Any CPU
		{9DAC488A-1CB0-41ED-A0CB-C0AF6B529CD5}.Debug|Any CPU.Build.0 = Debug|Any CPU
		{9DAC488A-1CB0-41ED-A0CB-C0AF6B529CD5}.Release|Any CPU.ActiveCfg = Release|Any CPU
		{9DAC488A-1CB0-41ED-A0CB-C0AF6B529CD5}.Release|Any CPU.Build.0 = Release|Any CPU
		{D88CADE5-1E5B-4C72-8B98-118EF2849DC4}.Debug|Any CPU.ActiveCfg = Debug|Any CPU
		{D88CADE5-1E5B-4C72-8B98-118EF2849DC4}.Debug|Any CPU.Build.0 = Debug|Any CPU
		{D88CADE5-1E5B-4C72-8B98-118EF2849DC4}.Release|Any CPU.ActiveCfg = Release|Any CPU
		{D88CADE5-1E5B-4C72-8B98-118EF2849DC4}.Release|Any CPU.Build.0 = Release|Any CPU
	EndGlobalSection
	GlobalSection(SolutionProperties) = preSolution
		HideSolutionNode = FALSE
	EndGlobalSection
	GlobalSection(ExtensibilityGlobals) = postSolution
		SolutionGuid = {BBABBB22-993A-4024-9DD1-12742F0BB666}
	EndGlobalSection
EndGlobal
